// !$*UTF8*$!
{
	archiveVersion = 1;
	classes = {
	};
	objectVersion = 56;
	objects = {

/* Begin PBXBuildFile section */
		2239E51F2B0E2B3900187766 /* NetworkConstant.swift in Sources */ = {isa = PBXBuildFile; fileRef = 2239E51E2B0E2B3900187766 /* NetworkConstant.swift */; };
		2239E5212B0E2C4B00187766 /* APICaller.swift in Sources */ = {isa = PBXBuildFile; fileRef = 2239E5202B0E2C4B00187766 /* APICaller.swift */; };
		2239E5232B0E2C8700187766 /* TrendingMoviesModel.swift in Sources */ = {isa = PBXBuildFile; fileRef = 2239E5222B0E2C8700187766 /* TrendingMoviesModel.swift */; };
		2239E5252B0E323700187766 /* Observable.swift in Sources */ = {isa = PBXBuildFile; fileRef = 2239E5242B0E323700187766 /* Observable.swift */; };
		227E8D552B0DDB7F0034FD51 /* AppDelegate.swift in Sources */ = {isa = PBXBuildFile; fileRef = 227E8D542B0DDB7F0034FD51 /* AppDelegate.swift */; };
		227E8D5E2B0DDB800034FD51 /* Assets.xcassets in Resources */ = {isa = PBXBuildFile; fileRef = 227E8D5D2B0DDB800034FD51 /* Assets.xcassets */; };
		227E8D612B0DDB800034FD51 /* LaunchScreen.storyboard in Resources */ = {isa = PBXBuildFile; fileRef = 227E8D5F2B0DDB800034FD51 /* LaunchScreen.storyboard */; };
		22D342832B0DDD4D0001D19E /* MainViewController.swift in Sources */ = {isa = PBXBuildFile; fileRef = 22D342812B0DDD4C0001D19E /* MainViewController.swift */; };
		22D342842B0DDD4D0001D19E /* MainViewController.xib in Resources */ = {isa = PBXBuildFile; fileRef = 22D342822B0DDD4C0001D19E /* MainViewController.xib */; };
		22D3428E2B0DE4170001D19E /* MainViewController+TableView.swift in Sources */ = {isa = PBXBuildFile; fileRef = 22D3428D2B0DE4160001D19E /* MainViewController+TableView.swift */; };
		22D342902B0DE50C0001D19E /* MainViewModel.swift in Sources */ = {isa = PBXBuildFile; fileRef = 22D3428F2B0DE50C0001D19E /* MainViewModel.swift */; };
/* End PBXBuildFile section */

/* Begin PBXFileReference section */
		2239E51E2B0E2B3900187766 /* NetworkConstant.swift */ = {isa = PBXFileReference; lastKnownFileType = sourcecode.swift; path = NetworkConstant.swift; sourceTree = "<group>"; };
		2239E5202B0E2C4B00187766 /* APICaller.swift */ = {isa = PBXFileReference; lastKnownFileType = sourcecode.swift; path = APICaller.swift; sourceTree = "<group>"; };
		2239E5222B0E2C8700187766 /* TrendingMoviesModel.swift */ = {isa = PBXFileReference; lastKnownFileType = sourcecode.swift; path = TrendingMoviesModel.swift; sourceTree = "<group>"; };
		2239E5242B0E323700187766 /* Observable.swift */ = {isa = PBXFileReference; lastKnownFileType = sourcecode.swift; path = Observable.swift; sourceTree = "<group>"; };
		227E8D512B0DDB7F0034FD51 /* youtubeAppStudyTestMVVM.app */ = {isa = PBXFileReference; explicitFileType = wrapper.application; includeInIndex = 0; path = youtubeAppStudyTestMVVM.app; sourceTree = BUILT_PRODUCTS_DIR; };
		227E8D542B0DDB7F0034FD51 /* AppDelegate.swift */ = {isa = PBXFileReference; lastKnownFileType = sourcecode.swift; path = AppDelegate.swift; sourceTree = "<group>"; };
		227E8D5D2B0DDB800034FD51 /* Assets.xcassets */ = {isa = PBXFileReference; lastKnownFileType = folder.assetcatalog; path = Assets.xcassets; sourceTree = "<group>"; };
		227E8D602B0DDB800034FD51 /* Base */ = {isa = PBXFileReference; lastKnownFileType = file.storyboard; name = Base; path = Base.lproj/LaunchScreen.storyboard; sourceTree = "<group>"; };
		227E8D622B0DDB800034FD51 /* Info.plist */ = {isa = PBXFileReference; lastKnownFileType = text.plist.xml; path = Info.plist; sourceTree = "<group>"; };
		22D342812B0DDD4C0001D19E /* MainViewController.swift */ = {isa = PBXFileReference; lastKnownFileType = sourcecode.swift; path = MainViewController.swift; sourceTree = "<group>"; };
		22D342822B0DDD4C0001D19E /* MainViewController.xib */ = {isa = PBXFileReference; lastKnownFileType = file.xib; path = MainViewController.xib; sourceTree = "<group>"; };
		22D3428D2B0DE4160001D19E /* MainViewController+TableView.swift */ = {isa = PBXFileReference; lastKnownFileType = sourcecode.swift; path = "MainViewController+TableView.swift"; sourceTree = "<group>"; };
		22D3428F2B0DE50C0001D19E /* MainViewModel.swift */ = {isa = PBXFileReference; lastKnownFileType = sourcecode.swift; path = MainViewModel.swift; sourceTree = "<group>"; };
/* End PBXFileReference section */

/* Begin PBXFrameworksBuildPhase section */
		227E8D4E2B0DDB7F0034FD51 /* Frameworks */ = {
			isa = PBXFrameworksBuildPhase;
			buildActionMask = 2147483647;
			files = (
			);
			runOnlyForDeploymentPostprocessing = 0;
		};
/* End PBXFrameworksBuildPhase section */

/* Begin PBXGroup section */
		227E8D482B0DDB7E0034FD51 = {
			isa = PBXGroup;
			children = (
				227E8D532B0DDB7F0034FD51 /* youtubeAppStudyTestMVVM */,
				227E8D522B0DDB7F0034FD51 /* Products */,
			);
			sourceTree = "<group>";
		};
		227E8D522B0DDB7F0034FD51 /* Products */ = {
			isa = PBXGroup;
			children = (
				227E8D512B0DDB7F0034FD51 /* youtubeAppStudyTestMVVM.app */,
			);
			name = Products;
			sourceTree = "<group>";
		};
		227E8D532B0DDB7F0034FD51 /* youtubeAppStudyTestMVVM */ = {
			isa = PBXGroup;
			children = (
				22D3428C2B0DE1A00001D19E /* Networking */,
				22D3428B2B0DE1940001D19E /* Extensions */,
				22D3428A2B0DE1880001D19E /* Resources */,
				22D342892B0DE1810001D19E /* Classes */,
				22D342882B0DE17B0001D19E /* Model */,
				22D342872B0DE1740001D19E /* Controllers */,
				22D342862B0DE16E0001D19E /* ViewModel */,
				22D342852B0DE1680001D19E /* View */,
				227E8D542B0DDB7F0034FD51 /* AppDelegate.swift */,
				227E8D622B0DDB800034FD51 /* Info.plist */,
			);
			path = youtubeAppStudyTestMVVM;
			sourceTree = "<group>";
		};
		22D342802B0DDD290001D19E /* MainViewController */ = {
			isa = PBXGroup;
			children = (
				22D342812B0DDD4C0001D19E /* MainViewController.swift */,
				22D342822B0DDD4C0001D19E /* MainViewController.xib */,
				22D3428D2B0DE4160001D19E /* MainViewController+TableView.swift */,
			);
			path = MainViewController;
			sourceTree = "<group>";
		};
		22D342852B0DE1680001D19E /* View */ = {
			isa = PBXGroup;
			children = (
				227E8D5F2B0DDB800034FD51 /* LaunchScreen.storyboard */,
			);
			path = View;
			sourceTree = "<group>";
		};
		22D342862B0DE16E0001D19E /* ViewModel */ = {
			isa = PBXGroup;
			children = (
				22D3428F2B0DE50C0001D19E /* MainViewModel.swift */,
			);
			path = ViewModel;
			sourceTree = "<group>";
		};
		22D342872B0DE1740001D19E /* Controllers */ = {
			isa = PBXGroup;
			children = (
				22D342802B0DDD290001D19E /* MainViewController */,
			);
			path = Controllers;
			sourceTree = "<group>";
		};
		22D342882B0DE17B0001D19E /* Model */ = {
			isa = PBXGroup;
			children = (
				2239E5222B0E2C8700187766 /* TrendingMoviesModel.swift */,
			);
			path = Model;
			sourceTree = "<group>";
		};
		22D342892B0DE1810001D19E /* Classes */ = {
			isa = PBXGroup;
			children = (
				2239E5242B0E323700187766 /* Observable.swift */,
			);
			path = Classes;
			sourceTree = "<group>";
		};
		22D3428A2B0DE1880001D19E /* Resources */ = {
			isa = PBXGroup;
			children = (
				227E8D5D2B0DDB800034FD51 /* Assets.xcassets */,
			);
			path = Resources;
			sourceTree = "<group>";
		};
		22D3428B2B0DE1940001D19E /* Extensions */ = {
			isa = PBXGroup;
			children = (
			);
			path = Extensions;
			sourceTree = "<group>";
		};
		22D3428C2B0DE1A00001D19E /* Networking */ = {
			isa = PBXGroup;
			children = (
				2239E51E2B0E2B3900187766 /* NetworkConstant.swift */,
				2239E5202B0E2C4B00187766 /* APICaller.swift */,
			);
			path = Networking;
			sourceTree = "<group>";
		};
/* End PBXGroup section */

/* Begin PBXNativeTarget section */
		227E8D502B0DDB7F0034FD51 /* youtubeAppStudyTestMVVM */ = {
			isa = PBXNativeTarget;
			buildConfigurationList = 227E8D652B0DDB800034FD51 /* Build configuration list for PBXNativeTarget "youtubeAppStudyTestMVVM" */;
			buildPhases = (
				227E8D4D2B0DDB7F0034FD51 /* Sources */,
				227E8D4E2B0DDB7F0034FD51 /* Frameworks */,
				227E8D4F2B0DDB7F0034FD51 /* Resources */,
			);
			buildRules = (
			);
			dependencies = (
			);
			name = youtubeAppStudyTestMVVM;
			productName = youtubeAppStudyTestMVVM;
			productReference = 227E8D512B0DDB7F0034FD51 /* youtubeAppStudyTestMVVM.app */;
			productType = "com.apple.product-type.application";
		};
/* End PBXNativeTarget section */

/* Begin PBXProject section */
		227E8D492B0DDB7E0034FD51 /* Project object */ = {
			isa = PBXProject;
			attributes = {
				BuildIndependentTargetsInParallel = 1;
				LastSwiftUpdateCheck = 1420;
				LastUpgradeCheck = 1420;
				TargetAttributes = {
					227E8D502B0DDB7F0034FD51 = {
						CreatedOnToolsVersion = 14.2;
					};
				};
			};
			buildConfigurationList = 227E8D4C2B0DDB7E0034FD51 /* Build configuration list for PBXProject "youtubeAppStudyTestMVVM" */;
			compatibilityVersion = "Xcode 14.0";
			developmentRegion = en;
			hasScannedForEncodings = 0;
			knownRegions = (
				en,
				Base,
			);
			mainGroup = 227E8D482B0DDB7E0034FD51;
			productRefGroup = 227E8D522B0DDB7F0034FD51 /* Products */;
			projectDirPath = "";
			projectRoot = "";
			targets = (
				227E8D502B0DDB7F0034FD51 /* youtubeAppStudyTestMVVM */,
			);
		};
/* End PBXProject section */

/* Begin PBXResourcesBuildPhase section */
		227E8D4F2B0DDB7F0034FD51 /* Resources */ = {
			isa = PBXResourcesBuildPhase;
			buildActionMask = 2147483647;
			files = (
				227E8D612B0DDB800034FD51 /* LaunchScreen.storyboard in Resources */,
				22D342842B0DDD4D0001D19E /* MainViewController.xib in Resources */,
				227E8D5E2B0DDB800034FD51 /* Assets.xcassets in Resources */,
			);
			runOnlyForDeploymentPostprocessing = 0;
		};
/* End PBXResourcesBuildPhase section */

/* Begin PBXSourcesBuildPhase section */
		227E8D4D2B0DDB7F0034FD51 /* Sources */ = {
			isa = PBXSourcesBuildPhase;
			buildActionMask = 2147483647;
			files = (
				2239E5252B0E323700187766 /* Observable.swift in Sources */,
				227E8D552B0DDB7F0034FD51 /* AppDelegate.swift in Sources */,
				2239E5212B0E2C4B00187766 /* APICaller.swift in Sources */,
				22D3428E2B0DE4170001D19E /* MainViewController+TableView.swift in Sources */,
				22D342832B0DDD4D0001D19E /* MainViewController.swift in Sources */,
				2239E51F2B0E2B3900187766 /* NetworkConstant.swift in Sources */,
				22D342902B0DE50C0001D19E /* MainViewModel.swift in Sources */,
				2239E5232B0E2C8700187766 /* TrendingMoviesModel.swift in Sources */,
			);
			runOnlyForDeploymentPostprocessing = 0;
		};
/* End PBXSourcesBuildPhase section */

/* Begin PBXVariantGroup section */
		227E8D5F2B0DDB800034FD51 /* LaunchScreen.storyboard */ = {
			isa = PBXVariantGroup;
			children = (
				227E8D602B0DDB800034FD51 /* Base */,
			);
			name = LaunchScreen.storyboard;
			sourceTree = "<group>";
		};
/* End PBXVariantGroup section */

/* Begin XCBuildConfiguration section */
		227E8D632B0DDB800034FD51 /* Debug */ = {
			isa = XCBuildConfiguration;
			buildSettings = {
				ALWAYS_SEARCH_USER_PATHS = NO;
				CLANG_ANALYZER_NONNULL = YES;
				CLANG_ANALYZER_NUMBER_OBJECT_CONVERSION = YES_AGGRESSIVE;
				CLANG_CXX_LANGUAGE_STANDARD = "gnu++20";
				CLANG_ENABLE_MODULES = YES;
				CLANG_ENABLE_OBJC_ARC = YES;
				CLANG_ENABLE_OBJC_WEAK = YES;
				CLANG_WARN_BLOCK_CAPTURE_AUTORELEASING = YES;
				CLANG_WARN_BOOL_CONVERSION = YES;
				CLANG_WARN_COMMA = YES;
				CLANG_WARN_CONSTANT_CONVERSION = YES;
				CLANG_WARN_DEPRECATED_OBJC_IMPLEMENTATIONS = YES;
				CLANG_WARN_DIRECT_OBJC_ISA_USAGE = YES_ERROR;
				CLANG_WARN_DOCUMENTATION_COMMENTS = YES;
				CLANG_WARN_EMPTY_BODY = YES;
				CLANG_WARN_ENUM_CONVERSION = YES;
				CLANG_WARN_INFINITE_RECURSION = YES;
				CLANG_WARN_INT_CONVERSION = YES;
				CLANG_WARN_NON_LITERAL_NULL_CONVERSION = YES;
				CLANG_WARN_OBJC_IMPLICIT_RETAIN_SELF = YES;
				CLANG_WARN_OBJC_LITERAL_CONVERSION = YES;
				CLANG_WARN_OBJC_ROOT_CLASS = YES_ERROR;
				CLANG_WARN_QUOTED_INCLUDE_IN_FRAMEWORK_HEADER = YES;
				CLANG_WARN_RANGE_LOOP_ANALYSIS = YES;
				CLANG_WARN_STRICT_PROTOTYPES = YES;
				CLANG_WARN_SUSPICIOUS_MOVE = YES;
				CLANG_WARN_UNGUARDED_AVAILABILITY = YES_AGGRESSIVE;
				CLANG_WARN_UNREACHABLE_CODE = YES;
				CLANG_WARN__DUPLICATE_METHOD_MATCH = YES;
				COPY_PHASE_STRIP = NO;
				DEBUG_INFORMATION_FORMAT = dwarf;
				ENABLE_STRICT_OBJC_MSGSEND = YES;
				ENABLE_TESTABILITY = YES;
				GCC_C_LANGUAGE_STANDARD = gnu11;
				GCC_DYNAMIC_NO_PIC = NO;
				GCC_NO_COMMON_BLOCKS = YES;
				GCC_OPTIMIZATION_LEVEL = 0;
				GCC_PREPROCESSOR_DEFINITIONS = (
					"DEBUG=1",
					"$(inherited)",
				);
				GCC_WARN_64_TO_32_BIT_CONVERSION = YES;
				GCC_WARN_ABOUT_RETURN_TYPE = YES_ERROR;
				GCC_WARN_UNDECLARED_SELECTOR = YES;
				GCC_WARN_UNINITIALIZED_AUTOS = YES_AGGRESSIVE;
				GCC_WARN_UNUSED_FUNCTION = YES;
				GCC_WARN_UNUSED_VARIABLE = YES;
				IPHONEOS_DEPLOYMENT_TARGET = 16.2;
				MTL_ENABLE_DEBUG_INFO = INCLUDE_SOURCE;
				MTL_FAST_MATH = YES;
				ONLY_ACTIVE_ARCH = YES;
				SDKROOT = iphoneos;
				SWIFT_ACTIVE_COMPILATION_CONDITIONS = DEBUG;
				SWIFT_OPTIMIZATION_LEVEL = "-Onone";
			};
			name = Debug;
		};
		227E8D642B0DDB800034FD51 /* Release */ = {
			isa = XCBuildConfiguration;
			buildSettings = {
				ALWAYS_SEARCH_USER_PATHS = NO;
				CLANG_ANALYZER_NONNULL = YES;
				CLANG_ANALYZER_NUMBER_OBJECT_CONVERSION = YES_AGGRESSIVE;
				CLANG_CXX_LANGUAGE_STANDARD = "gnu++20";
				CLANG_ENABLE_MODULES = YES;
				CLANG_ENABLE_OBJC_ARC = YES;
				CLANG_ENABLE_OBJC_WEAK = YES;
				CLANG_WARN_BLOCK_CAPTURE_AUTORELEASING = YES;
				CLANG_WARN_BOOL_CONVERSION = YES;
				CLANG_WARN_COMMA = YES;
				CLANG_WARN_CONSTANT_CONVERSION = YES;
				CLANG_WARN_DEPRECATED_OBJC_IMPLEMENTATIONS = YES;
				CLANG_WARN_DIRECT_OBJC_ISA_USAGE = YES_ERROR;
				CLANG_WARN_DOCUMENTATION_COMMENTS = YES;
				CLANG_WARN_EMPTY_BODY = YES;
				CLANG_WARN_ENUM_CONVERSION = YES;
				CLANG_WARN_INFINITE_RECURSION = YES;
				CLANG_WARN_INT_CONVERSION = YES;
				CLANG_WARN_NON_LITERAL_NULL_CONVERSION = YES;
				CLANG_WARN_OBJC_IMPLICIT_RETAIN_SELF = YES;
				CLANG_WARN_OBJC_LITERAL_CONVERSION = YES;
				CLANG_WARN_OBJC_ROOT_CLASS = YES_ERROR;
				CLANG_WARN_QUOTED_INCLUDE_IN_FRAMEWORK_HEADER = YES;
				CLANG_WARN_RANGE_LOOP_ANALYSIS = YES;
				CLANG_WARN_STRICT_PROTOTYPES = YES;
				CLANG_WARN_SUSPICIOUS_MOVE = YES;
				CLANG_WARN_UNGUARDED_AVAILABILITY = YES_AGGRESSIVE;
				CLANG_WARN_UNREACHABLE_CODE = YES;
				CLANG_WARN__DUPLICATE_METHOD_MATCH = YES;
				COPY_PHASE_STRIP = NO;
				DEBUG_INFORMATION_FORMAT = "dwarf-with-dsym";
				ENABLE_NS_ASSERTIONS = NO;
				ENABLE_STRICT_OBJC_MSGSEND = YES;
				GCC_C_LANGUAGE_STANDARD = gnu11;
				GCC_NO_COMMON_BLOCKS = YES;
				GCC_WARN_64_TO_32_BIT_CONVERSION = YES;
				GCC_WARN_ABOUT_RETURN_TYPE = YES_ERROR;
				GCC_WARN_UNDECLARED_SELECTOR = YES;
				GCC_WARN_UNINITIALIZED_AUTOS = YES_AGGRESSIVE;
				GCC_WARN_UNUSED_FUNCTION = YES;
				GCC_WARN_UNUSED_VARIABLE = YES;
				IPHONEOS_DEPLOYMENT_TARGET = 16.2;
				MTL_ENABLE_DEBUG_INFO = NO;
				MTL_FAST_MATH = YES;
				SDKROOT = iphoneos;
				SWIFT_COMPILATION_MODE = wholemodule;
				SWIFT_OPTIMIZATION_LEVEL = "-O";
				VALIDATE_PRODUCT = YES;
			};
			name = Release;
		};
		227E8D662B0DDB800034FD51 /* Debug */ = {
			isa = XCBuildConfiguration;
			buildSettings = {
				ASSETCATALOG_COMPILER_APPICON_NAME = AppIcon;
				ASSETCATALOG_COMPILER_GLOBAL_ACCENT_COLOR_NAME = AccentColor;
				CODE_SIGN_STYLE = Automatic;
				CURRENT_PROJECT_VERSION = 1;
				DEVELOPMENT_TEAM = G376QDA776;
				GENERATE_INFOPLIST_FILE = YES;
				INFOPLIST_FILE = youtubeAppStudyTestMVVM/Info.plist;
				INFOPLIST_KEY_UIApplicationSupportsIndirectInputEvents = YES;
				INFOPLIST_KEY_UILaunchStoryboardName = LaunchScreen;
				INFOPLIST_KEY_UISupportedInterfaceOrientations = UIInterfaceOrientationPortrait;
				INFOPLIST_KEY_UISupportedInterfaceOrientations_iPad = "UIInterfaceOrientationLandscapeLeft UIInterfaceOrientationLandscapeRight UIInterfaceOrientationPortrait UIInterfaceOrientationPortraitUpsideDown";
				LD_RUNPATH_SEARCH_PATHS = (
					"$(inherited)",
					"@executable_path/Frameworks",
				);
				MARKETING_VERSION = 1.0;
				PRODUCT_BUNDLE_IDENTIFIER = com.shabernevalexandr.youtubeAppStudyTestMVVM;
				PRODUCT_NAME = "$(TARGET_NAME)";
				SUPPORTED_PLATFORMS = "iphoneos iphonesimulator";
				SUPPORTS_MACCATALYST = NO;
				SUPPORTS_MAC_DESIGNED_FOR_IPHONE_IPAD = NO;
				SWIFT_EMIT_LOC_STRINGS = YES;
				SWIFT_VERSION = 5.0;
				TARGETED_DEVICE_FAMILY = 1;
			};
			name = Debug;
		};
		227E8D672B0DDB800034FD51 /* Release */ = {
			isa = XCBuildConfiguration;
			buildSettings = {
				ASSETCATALOG_COMPILER_APPICON_NAME = AppIcon;
				ASSETCATALOG_COMPILER_GLOBAL_ACCENT_COLOR_NAME = AccentColor;
				CODE_SIGN_STYLE = Automatic;
				CURRENT_PROJECT_VERSION = 1;
				DEVELOPMENT_TEAM = G376QDA776;
				GENERATE_INFOPLIST_FILE = YES;
				INFOPLIST_FILE = youtubeAppStudyTestMVVM/Info.plist;
				INFOPLIST_KEY_UIApplicationSupportsIndirectInputEvents = YES;
				INFOPLIST_KEY_UILaunchStoryboardName = LaunchScreen;
				INFOPLIST_KEY_UISupportedInterfaceOrientations = UIInterfaceOrientationPortrait;
				INFOPLIST_KEY_UISupportedInterfaceOrientations_iPad = "UIInterfaceOrientationLandscapeLeft UIInterfaceOrientationLandscapeRight UIInterfaceOrientationPortrait UIInterfaceOrientationPortraitUpsideDown";
				LD_RUNPATH_SEARCH_PATHS = (
					"$(inherited)",
					"@executable_path/Frameworks",
				);
				MARKETING_VERSION = 1.0;
				PRODUCT_BUNDLE_IDENTIFIER = com.shabernevalexandr.youtubeAppStudyTestMVVM;
				PRODUCT_NAME = "$(TARGET_NAME)";
				SUPPORTED_PLATFORMS = "iphoneos iphonesimulator";
				SUPPORTS_MACCATALYST = NO;
				SUPPORTS_MAC_DESIGNED_FOR_IPHONE_IPAD = NO;
				SWIFT_EMIT_LOC_STRINGS = YES;
				SWIFT_VERSION = 5.0;
				TARGETED_DEVICE_FAMILY = 1;
			};
			name = Release;
		};
/* End XCBuildConfiguration section */

/* Begin XCConfigurationList section */
		227E8D4C2B0DDB7E0034FD51 /* Build configuration list for PBXProject "youtubeAppStudyTestMVVM" */ = {
			isa = XCConfigurationList;
			buildConfigurations = (
				227E8D632B0DDB800034FD51 /* Debug */,
				227E8D642B0DDB800034FD51 /* Release */,
			);
			defaultConfigurationIsVisible = 0;
			defaultConfigurationName = Release;
		};
		227E8D652B0DDB800034FD51 /* Build configuration list for PBXNativeTarget "youtubeAppStudyTestMVVM" */ = {
			isa = XCConfigurationList;
			buildConfigurations = (
				227E8D662B0DDB800034FD51 /* Debug */,
				227E8D672B0DDB800034FD51 /* Release */,
			);
			defaultConfigurationIsVisible = 0;
			defaultConfigurationName = Release;
		};
/* End XCConfigurationList section */
	};
	rootObject = 227E8D492B0DDB7E0034FD51 /* Project object */;
}
